Microsoft Visual Studio Solution File, Format Version 12.00
# Visual Studio Version 17
VisualStudioVersion = 17.5.2.0
MinimumVisualStudioVersion = 10.0.40219.1
Project("{FAE04EC0-301F-11D3-BF4B-00C04F79EFBC}") = "WsApiExamen", "WsApiExamen\WsApiExamen.csproj", "{23EEA80C-C4F7-C70B-D66F-6B1158B3AC6D}"
EndProject
Project("{FAE04EC0-301F-11D3-BF4B-00C04F79EFBC}") = "ApiExamen", "ApiExamen\ApiExamen.csproj", "{BAEB86E4-6B0D-4F59-8B5D-0FAF9F203745}"
EndProject
Project("{FAE04EC0-301F-11D3-BF4B-00C04F79EFBC}") = "FrontExamen", "FrontExamen\FrontExamen.csproj", "{E7B7E568-1E7A-45E8-8DD2-373093B24F7E}"
EndProject
Global
	GlobalSection(SolutionConfigurationPlatforms) = preSolution
		Debug|Any CPU = Debug|Any CPU
		Release|Any CPU = Release|Any CPU
	EndGlobalSection
	GlobalSection(ProjectConfigurationPlatforms) = postSolution
		{E7B7E568-1E7A-45E8-8DD2-373093B24F7E}.Debug|Any CPU.ActiveCfg = Debug|Any CPU
		{E7B7E568-1E7A-45E8-8DD2-373093B24F7E}.Debug|Any CPU.Build.0 = Debug|Any CPU
		{E7B7E568-1E7A-45E8-8DD2-373093B24F7E}.Release|Any CPU.ActiveCfg = Release|Any CPU
		{E7B7E568-1E7A-45E8-8DD2-373093B24F7E}.Release|Any CPU.Build.0 = Release|Any CPU
		{BAEB86E4-6B0D-4F59-8B5D-0FAF9F203745}.Debug|Any CPU.ActiveCfg = Debug|Any CPU
		{BAEB86E4-6B0D-4F59-8B5D-0FAF9F203745}.Debug|Any CPU.Build.0 = Debug|Any CPU
		{BAEB86E4-6B0D-4F59-8B5D-0FAF9F203745}.Release|Any CPU.ActiveCfg = Release|Any CPU
		{BAEB86E4-6B0D-4F59-8B5D-0FAF9F203745}.Release|Any CPU.Build.0 = Release|Any CPU
		{23EEA80C-C4F7-C70B-D66F-6B1158B3AC6D}.Debug|Any CPU.ActiveCfg = Debug|Any CPU
		{23EEA80C-C4F7-C70B-D66F-6B1158B3AC6D}.Debug|Any CPU.Build.0 = Debug|Any CPU
		{23EEA80C-C4F7-C70B-D66F-6B1158B3AC6D}.Release|Any CPU.ActiveCfg = Release|Any CPU
		{23EEA80C-C4F7-C70B-D66F-6B1158B3AC6D}.Release|Any CPU.Build.0 = Release|Any CPU
	EndGlobalSection
	GlobalSection(SolutionProperties) = preSolution
		HideSolutionNode = FALSE
	EndGlobalSection
	GlobalSection(ExtensibilityGlobals) = postSolution
		SolutionGuid = {F9331D99-B9CF-4254-BB7C-2569FFD5056C}
	EndGlobalSection
EndGlobal
